
Microsoft Visual Studio Solution File, Format Version 12.00
# Visual Studio Version 17
VisualStudioVersion = 17.5.002.0
MinimumVisualStudioVersion = 10.0.40219.1
Project("{9A19103F-16F7-4668-BE54-9A1E7A4F7556}") = "Numbers", "Numbers\Numbers.csproj", "{AD05E28A-A17F-4BC4-A8D3-F2595BAA6A1C}"
EndProject
Project("{9A19103F-16F7-4668-BE54-9A1E7A4F7556}") = "Vocabulary", "Vocabulary\Vocabulary.csproj", "{3728DBE0-AC4C-4324-BC3A-C74B148FA964}"
EndProject
Global
	GlobalSection(SolutionConfigurationPlatforms) = preSolution
		Debug|Any CPU = Debug|Any CPU
		Release|Any CPU = Release|Any CPU
	EndGlobalSection
	GlobalSection(ProjectConfigurationPlatforms) = postSolution
		{AD05E28A-A17F-4BC4-A8D3-F2595BAA6A1C}.Debug|Any CPU.ActiveCfg = Debug|Any CPU
		{AD05E28A-A17F-4BC4-A8D3-F2595BAA6A1C}.Debug|Any CPU.Build.0 = Debug|Any CPU
		{AD05E28A-A17F-4BC4-A8D3-F2595BAA6A1C}.Release|Any CPU.ActiveCfg = Release|Any CPU
		{AD05E28A-A17F-4BC4-A8D3-F2595BAA6A1C}.Release|Any CPU.Build.0 = Release|Any CPU
		{3728DBE0-AC4C-4324-BC3A-C74B148FA964}.Debug|Any CPU.ActiveCfg = Debug|Any CPU
		{3728DBE0-AC4C-4324-BC3A-C74B148FA964}.Debug|Any CPU.Build.0 = Debug|Any CPU
		{3728DBE0-AC4C-4324-BC3A-C74B148FA964}.Release|Any CPU.ActiveCfg = Release|Any CPU
		{3728DBE0-AC4C-4324-BC3A-C74B148FA964}.Release|Any CPU.Build.0 = Release|Any CPU
	EndGlobalSection
	GlobalSection(SolutionProperties) = preSolution
		HideSolutionNode = FALSE
	EndGlobalSection
	GlobalSection(ExtensibilityGlobals) = postSolution
		SolutionGuid = {DBCE4895-17D7-4209-B74C-2AF5CDDD37CF}
	EndGlobalSection
EndGlobal
